{
  "name": "criacao_de_uma_apliacao_em_nodejs",
  "version": "1.0.0",
  "lockfileVersion": 3,
  "requires": true,
  "packages": {
    "": {
      "name": "criacao_de_uma_apliacao_em_nodejs",
      "version": "1.0.0",
      "license": "MIT",
      "dependencies": {
        "criacao_de_uma_apliacao_em_nodejs": "file:"
      }
    },
    "node_modules/criacao_de_uma_apliacao_em_nodejs": {
      "resolved": "",
      "link": true
    }
  }
}
